// !$*UTF8*$!
{
	archiveVersion = 1;
	classes = {
	};
	objectVersion = 77;
	objects = {

/* Begin PBXBuildFile section */
		89E9B4AF2E64350700DD8550 /* Helper.swift in Sources */ = {isa = PBXBuildFile; fileRef = 89E9B4A62E64350700DD8550 /* Helper.swift */; };
		89E9B4B02E64350700DD8550 /* CostomButton.swift in Sources */ = {isa = PBXBuildFile; fileRef = 89E9B4A52E64350700DD8550 /* CostomButton.swift */; };
		89E9B4B12E64350700DD8550 /* ViewController.swift in Sources */ = {isa = PBXBuildFile; fileRef = 89E9B4AD2E64350700DD8550 /* ViewController.swift */; };
		89E9B4B32E64350700DD8550 /* Person.swift in Sources */ = {isa = PBXBuildFile; fileRef = 89E9B4A92E64350700DD8550 /* Person.swift */; };
		89E9B4B52E64350700DD8550 /* User.swift in Sources */ = {isa = PBXBuildFile; fileRef = 89E9B4AB2E64350700DD8550 /* User.swift */; };
		89E9B4B62E64350700DD8550 /* UserRepository.swift in Sources */ = {isa = PBXBuildFile; fileRef = 89E9B4AC2E64350700DD8550 /* UserRepository.swift */; };
		89E9B4B72E64350700DD8550 /* LaunchScreen.storyboard in Resources */ = {isa = PBXBuildFile; fileRef = 89E9B4A82E64350700DD8550 /* LaunchScreen.storyboard */; };
		89E9B4B92E64350700DD8550 /* Assets.xcassets in Resources */ = {isa = PBXBuildFile; fileRef = 89E9B4A42E64350700DD8550 /* Assets.xcassets */; };
		89E9B4C32E64367200DD8550 /* UIStackView+Extension.swift in Sources */ = {isa = PBXBuildFile; fileRef = 89E9B4C22E64367200DD8550 /* UIStackView+Extension.swift */; };
		89E9B5032E65019700DD8550 /* UIView+Extension.swift in Sources */ = {isa = PBXBuildFile; fileRef = 89E9B5022E65019700DD8550 /* UIView+Extension.swift */; };
/* End PBXBuildFile section */

/* Begin PBXFileReference section */
		8934EDFE2E397569001D4ECA /* ForHomeWork.app */ = {isa = PBXFileReference; explicitFileType = wrapper.application; includeInIndex = 0; path = ForHomeWork.app; sourceTree = BUILT_PRODUCTS_DIR; };
		89E9B4A42E64350700DD8550 /* Assets.xcassets */ = {isa = PBXFileReference; lastKnownFileType = folder.assetcatalog; path = Assets.xcassets; sourceTree = "<group>"; };
		89E9B4A52E64350700DD8550 /* CostomButton.swift */ = {isa = PBXFileReference; lastKnownFileType = sourcecode.swift; path = CostomButton.swift; sourceTree = "<group>"; };
		89E9B4A62E64350700DD8550 /* Helper.swift */ = {isa = PBXFileReference; lastKnownFileType = sourcecode.swift; path = Helper.swift; sourceTree = "<group>"; };
		89E9B4A92E64350700DD8550 /* Person.swift */ = {isa = PBXFileReference; lastKnownFileType = sourcecode.swift; path = Person.swift; sourceTree = "<group>"; };
		89E9B4AB2E64350700DD8550 /* User.swift */ = {isa = PBXFileReference; lastKnownFileType = sourcecode.swift; path = User.swift; sourceTree = "<group>"; };
		89E9B4AC2E64350700DD8550 /* UserRepository.swift */ = {isa = PBXFileReference; lastKnownFileType = sourcecode.swift; path = UserRepository.swift; sourceTree = "<group>"; };
		89E9B4AD2E64350700DD8550 /* ViewController.swift */ = {isa = PBXFileReference; lastKnownFileType = sourcecode.swift; path = ViewController.swift; sourceTree = "<group>"; };
		89E9B4AE2E64350700DD8550 /* Base */ = {isa = PBXFileReference; lastKnownFileType = file.storyboard; name = Base; path = Base.lproj/LaunchScreen.storyboard; sourceTree = "<group>"; };
		89E9B4C22E64367200DD8550 /* UIStackView+Extension.swift */ = {isa = PBXFileReference; lastKnownFileType = sourcecode.swift; path = "UIStackView+Extension.swift"; sourceTree = "<group>"; };
		89E9B5022E65019700DD8550 /* UIView+Extension.swift */ = {isa = PBXFileReference; lastKnownFileType = sourcecode.swift; path = "UIView+Extension.swift"; sourceTree = "<group>"; };
/* End PBXFileReference section */

/* Begin PBXFileSystemSynchronizedBuildFileExceptionSet section */
		89E9B4C02E64360000DD8550 /* Exceptions for "ForHomeWork" folder in "ForHomeWork" target */ = {
			isa = PBXFileSystemSynchronizedBuildFileExceptionSet;
			membershipExceptions = (
				Info.plist,
			);
			target = 8934EDFD2E397569001D4ECA /* ForHomeWork */;
		};
/* End PBXFileSystemSynchronizedBuildFileExceptionSet section */

/* Begin PBXFileSystemSynchronizedRootGroup section */
		8934EE002E397569001D4ECA /* ForHomeWork */ = {
			isa = PBXFileSystemSynchronizedRootGroup;
			exceptions = (
				89E9B4C02E64360000DD8550 /* Exceptions for "ForHomeWork" folder in "ForHomeWork" target */,
			);
			path = ForHomeWork;
			sourceTree = "<group>";
		};
/* End PBXFileSystemSynchronizedRootGroup section */

/* Begin PBXFrameworksBuildPhase section */
		8934EDFB2E397569001D4ECA /* Frameworks */ = {
			isa = PBXFrameworksBuildPhase;
			buildActionMask = 2147483647;
			files = (
			);
			runOnlyForDeploymentPostprocessing = 0;
		};
/* End PBXFrameworksBuildPhase section */

/* Begin PBXGroup section */
		8934EDF52E397569001D4ECA = {
			isa = PBXGroup;
			children = (
				8934EE002E397569001D4ECA /* ForHomeWork */,
				8934EDFF2E397569001D4ECA /* Products */,
				89E9B4BB2E64354F00DD8550 /* CostomElements */,
				89E9B4BC2E64356D00DD8550 /* ViewControllers */,
				89E9B4BD2E64357A00DD8550 /* Services */,
				89E9B4BE2E6435AF00DD8550 /* Resources */,
				89E9B4C12E64364400DD8550 /* Extensions */,
			);
			sourceTree = "<group>";
		};
		8934EDFF2E397569001D4ECA /* Products */ = {
			isa = PBXGroup;
			children = (
				8934EDFE2E397569001D4ECA /* ForHomeWork.app */,
			);
			name = Products;
			sourceTree = "<group>";
		};
		89E9B4BB2E64354F00DD8550 /* CostomElements */ = {
			isa = PBXGroup;
			children = (
				89E9B4A52E64350700DD8550 /* CostomButton.swift */,
			);
			path = CostomElements;
			sourceTree = "<group>";
		};
		89E9B4BC2E64356D00DD8550 /* ViewControllers */ = {
			isa = PBXGroup;
			children = (
				89E9B4AD2E64350700DD8550 /* ViewController.swift */,
			);
			path = ViewControllers;
			sourceTree = "<group>";
		};
		89E9B4BD2E64357A00DD8550 /* Services */ = {
			isa = PBXGroup;
			children = (
				89E9B4A62E64350700DD8550 /* Helper.swift */,
				89E9B4A92E64350700DD8550 /* Person.swift */,
				89E9B4AB2E64350700DD8550 /* User.swift */,
				89E9B4AC2E64350700DD8550 /* UserRepository.swift */,
			);
			path = Services;
			sourceTree = "<group>";
		};
		89E9B4BE2E6435AF00DD8550 /* Resources */ = {
			isa = PBXGroup;
			children = (
				89E9B4A42E64350700DD8550 /* Assets.xcassets */,
				89E9B4A82E64350700DD8550 /* LaunchScreen.storyboard */,
			);
			path = Resources;
			sourceTree = "<group>";
		};
		89E9B4C12E64364400DD8550 /* Extensions */ = {
			isa = PBXGroup;
			children = (
				89E9B4C22E64367200DD8550 /* UIStackView+Extension.swift */,
				89E9B5022E65019700DD8550 /* UIView+Extension.swift */,
			);
			path = Extensions;
			sourceTree = "<group>";
		};
/* End PBXGroup section */

/* Begin PBXNativeTarget section */
		8934EDFD2E397569001D4ECA /* ForHomeWork */ = {
			isa = PBXNativeTarget;
			buildConfigurationList = 8934EE112E39756C001D4ECA /* Build configuration list for PBXNativeTarget "ForHomeWork" */;
			buildPhases = (
				8934EDFA2E397569001D4ECA /* Sources */,
				8934EDFB2E397569001D4ECA /* Frameworks */,
				8934EDFC2E397569001D4ECA /* Resources */,
			);
			buildRules = (
			);
			dependencies = (
			);
			fileSystemSynchronizedGroups = (
				8934EE002E397569001D4ECA /* ForHomeWork */,
			);
			name = ForHomeWork;
			packageProductDependencies = (
			);
			productName = ForHomeWork;
			productReference = 8934EDFE2E397569001D4ECA /* ForHomeWork.app */;
			productType = "com.apple.product-type.application";
		};
/* End PBXNativeTarget section */

/* Begin PBXProject section */
		8934EDF62E397569001D4ECA /* Project object */ = {
			isa = PBXProject;
			attributes = {
				BuildIndependentTargetsInParallel = 1;
				LastSwiftUpdateCheck = 1640;
				LastUpgradeCheck = 1640;
				TargetAttributes = {
					8934EDFD2E397569001D4ECA = {
						CreatedOnToolsVersion = 16.4;
					};
				};
			};
			buildConfigurationList = 8934EDF92E397569001D4ECA /* Build configuration list for PBXProject "ForHomeWork" */;
			developmentRegion = en;
			hasScannedForEncodings = 0;
			knownRegions = (
				en,
				Base,
			);
			mainGroup = 8934EDF52E397569001D4ECA;
			minimizedProjectReferenceProxies = 1;
			preferredProjectObjectVersion = 77;
			productRefGroup = 8934EDFF2E397569001D4ECA /* Products */;
			projectDirPath = "";
			projectRoot = "";
			targets = (
				8934EDFD2E397569001D4ECA /* ForHomeWork */,
			);
		};
/* End PBXProject section */

/* Begin PBXResourcesBuildPhase section */
		8934EDFC2E397569001D4ECA /* Resources */ = {
			isa = PBXResourcesBuildPhase;
			buildActionMask = 2147483647;
			files = (
				89E9B4B72E64350700DD8550 /* LaunchScreen.storyboard in Resources */,
				89E9B4B92E64350700DD8550 /* Assets.xcassets in Resources */,
			);
			runOnlyForDeploymentPostprocessing = 0;
		};
/* End PBXResourcesBuildPhase section */

/* Begin PBXSourcesBuildPhase section */
		8934EDFA2E397569001D4ECA /* Sources */ = {
			isa = PBXSourcesBuildPhase;
			buildActionMask = 2147483647;
			files = (
				89E9B4AF2E64350700DD8550 /* Helper.swift in Sources */,
				89E9B4B02E64350700DD8550 /* CostomButton.swift in Sources */,
				89E9B4B12E64350700DD8550 /* ViewController.swift in Sources */,
				89E9B4B32E64350700DD8550 /* Person.swift in Sources */,
				89E9B5032E65019700DD8550 /* UIView+Extension.swift in Sources */,
				89E9B4C32E64367200DD8550 /* UIStackView+Extension.swift in Sources */,
				89E9B4B52E64350700DD8550 /* User.swift in Sources */,
				89E9B4B62E64350700DD8550 /* UserRepository.swift in Sources */,
			);
			runOnlyForDeploymentPostprocessing = 0;
		};
/* End PBXSourcesBuildPhase section */

/* Begin PBXVariantGroup section */
		89E9B4A82E64350700DD8550 /* LaunchScreen.storyboard */ = {
			isa = PBXVariantGroup;
			children = (
				89E9B4AE2E64350700DD8550 /* Base */,
			);
			name = LaunchScreen.storyboard;
			sourceTree = "<group>";
		};
/* End PBXVariantGroup section */

/* Begin XCBuildConfiguration section */
		8934EE122E39756C001D4ECA /* Debug */ = {
			isa = XCBuildConfiguration;
			buildSettings = {
				ASSETCATALOG_COMPILER_APPICON_NAME = AppIcon;
				ASSETCATALOG_COMPILER_GLOBAL_ACCENT_COLOR_NAME = AccentColor;
				CODE_SIGN_STYLE = Automatic;
				CURRENT_PROJECT_VERSION = 1;
				DEVELOPMENT_TEAM = P2LX28N73X;
				GENERATE_INFOPLIST_FILE = YES;
				INFOPLIST_FILE = ForHomeWork/Info.plist;
				INFOPLIST_KEY_UIApplicationSupportsIndirectInputEvents = YES;
				INFOPLIST_KEY_UILaunchStoryboardName = LaunchScreen;
				INFOPLIST_KEY_UISupportedInterfaceOrientations_iPad = "UIInterfaceOrientationPortrait UIInterfaceOrientationPortraitUpsideDown UIInterfaceOrientationLandscapeLeft UIInterfaceOrientationLandscapeRight";
				INFOPLIST_KEY_UISupportedInterfaceOrientations_iPhone = "UIInterfaceOrientationPortrait UIInterfaceOrientationLandscapeLeft UIInterfaceOrientationLandscapeRight";
				LD_RUNPATH_SEARCH_PATHS = (
					"$(inherited)",
					"@executable_path/Frameworks",
				);
				MARKETING_VERSION = 1.0;
				PRODUCT_BUNDLE_IDENTIFIER = com.exemple.ForHomeWork;
				PRODUCT_NAME = "$(TARGET_NAME)";
				SUPPORTED_PLATFORMS = "iphoneos iphonesimulator";
				SUPPORTS_MACCATALYST = NO;
				SUPPORTS_MAC_DESIGNED_FOR_IPHONE_IPAD = NO;
				SUPPORTS_XR_DESIGNED_FOR_IPHONE_IPAD = NO;
				SWIFT_EMIT_LOC_STRINGS = YES;
				SWIFT_VERSION = 5.0;
				TARGETED_DEVICE_FAMILY = 1;
			};
			name = Debug;
		};
		8934EE132E39756C001D4ECA /* Release */ = {
			isa = XCBuildConfiguration;
			buildSettings = {
				ASSETCATALOG_COMPILER_APPICON_NAME = AppIcon;
				ASSETCATALOG_COMPILER_GLOBAL_ACCENT_COLOR_NAME = AccentColor;
				CODE_SIGN_STYLE = Automatic;
				CURRENT_PROJECT_VERSION = 1;
				DEVELOPMENT_TEAM = P2LX28N73X;
				GENERATE_INFOPLIST_FILE = YES;
				INFOPLIST_FILE = ForHomeWork/Info.plist;
				INFOPLIST_KEY_UIApplicationSupportsIndirectInputEvents = YES;
				INFOPLIST_KEY_UILaunchStoryboardName = LaunchScreen;
				INFOPLIST_KEY_UISupportedInterfaceOrientations_iPad = "UIInterfaceOrientationPortrait UIInterfaceOrientationPortraitUpsideDown UIInterfaceOrientationLandscapeLeft UIInterfaceOrientationLandscapeRight";
				INFOPLIST_KEY_UISupportedInterfaceOrientations_iPhone = "UIInterfaceOrientationPortrait UIInterfaceOrientationLandscapeLeft UIInterfaceOrientationLandscapeRight";
				LD_RUNPATH_SEARCH_PATHS = (
					"$(inherited)",
					"@executable_path/Frameworks",
				);
				MARKETING_VERSION = 1.0;
				PRODUCT_BUNDLE_IDENTIFIER = com.exemple.ForHomeWork;
				PRODUCT_NAME = "$(TARGET_NAME)";
				SUPPORTED_PLATFORMS = "iphoneos iphonesimulator";
				SUPPORTS_MACCATALYST = NO;
				SUPPORTS_MAC_DESIGNED_FOR_IPHONE_IPAD = NO;
				SUPPORTS_XR_DESIGNED_FOR_IPHONE_IPAD = NO;
				SWIFT_EMIT_LOC_STRINGS = YES;
				SWIFT_VERSION = 5.0;
				TARGETED_DEVICE_FAMILY = 1;
			};
			name = Release;
		};
		8934EE142E39756C001D4ECA /* Debug */ = {
			isa = XCBuildConfiguration;
			buildSettings = {
				ALWAYS_SEARCH_USER_PATHS = NO;
				ASSETCATALOG_COMPILER_GENERATE_SWIFT_ASSET_SYMBOL_EXTENSIONS = YES;
				CLANG_ANALYZER_NONNULL = YES;
				CLANG_ANALYZER_NUMBER_OBJECT_CONVERSION = YES_AGGRESSIVE;
				CLANG_CXX_LANGUAGE_STANDARD = "gnu++20";
				CLANG_ENABLE_MODULES = YES;
				CLANG_ENABLE_OBJC_ARC = YES;
				CLANG_ENABLE_OBJC_WEAK = YES;
				CLANG_WARN_BLOCK_CAPTURE_AUTORELEASING = YES;
				CLANG_WARN_BOOL_CONVERSION = YES;
				CLANG_WARN_COMMA = YES;
				CLANG_WARN_CONSTANT_CONVERSION = YES;
				CLANG_WARN_DEPRECATED_OBJC_IMPLEMENTATIONS = YES;
				CLANG_WARN_DIRECT_OBJC_ISA_USAGE = YES_ERROR;
				CLANG_WARN_DOCUMENTATION_COMMENTS = YES;
				CLANG_WARN_EMPTY_BODY = YES;
				CLANG_WARN_ENUM_CONVERSION = YES;
				CLANG_WARN_INFINITE_RECURSION = YES;
				CLANG_WARN_INT_CONVERSION = YES;
				CLANG_WARN_NON_LITERAL_NULL_CONVERSION = YES;
				CLANG_WARN_OBJC_IMPLICIT_RETAIN_SELF = YES;
				CLANG_WARN_OBJC_LITERAL_CONVERSION = YES;
				CLANG_WARN_OBJC_ROOT_CLASS = YES_ERROR;
				CLANG_WARN_QUOTED_INCLUDE_IN_FRAMEWORK_HEADER = YES;
				CLANG_WARN_RANGE_LOOP_ANALYSIS = YES;
				CLANG_WARN_STRICT_PROTOTYPES = YES;
				CLANG_WARN_SUSPICIOUS_MOVE = YES;
				CLANG_WARN_UNGUARDED_AVAILABILITY = YES_AGGRESSIVE;
				CLANG_WARN_UNREACHABLE_CODE = YES;
				CLANG_WARN__DUPLICATE_METHOD_MATCH = YES;
				COPY_PHASE_STRIP = NO;
				DEBUG_INFORMATION_FORMAT = dwarf;
				DEVELOPMENT_TEAM = P2LX28N73X;
				ENABLE_STRICT_OBJC_MSGSEND = YES;
				ENABLE_TESTABILITY = YES;
				ENABLE_USER_SCRIPT_SANDBOXING = YES;
				GCC_C_LANGUAGE_STANDARD = gnu17;
				GCC_DYNAMIC_NO_PIC = NO;
				GCC_NO_COMMON_BLOCKS = YES;
				GCC_OPTIMIZATION_LEVEL = 0;
				GCC_PREPROCESSOR_DEFINITIONS = (
					"DEBUG=1",
					"$(inherited)",
				);
				GCC_WARN_64_TO_32_BIT_CONVERSION = YES;
				GCC_WARN_ABOUT_RETURN_TYPE = YES_ERROR;
				GCC_WARN_UNDECLARED_SELECTOR = YES;
				GCC_WARN_UNINITIALIZED_AUTOS = YES_AGGRESSIVE;
				GCC_WARN_UNUSED_FUNCTION = YES;
				GCC_WARN_UNUSED_VARIABLE = YES;
				IPHONEOS_DEPLOYMENT_TARGET = 18.5;
				LOCALIZATION_PREFERS_STRING_CATALOGS = YES;
				MTL_ENABLE_DEBUG_INFO = INCLUDE_SOURCE;
				MTL_FAST_MATH = YES;
				ONLY_ACTIVE_ARCH = YES;
				SDKROOT = iphoneos;
				SWIFT_ACTIVE_COMPILATION_CONDITIONS = "DEBUG $(inherited)";
				SWIFT_OPTIMIZATION_LEVEL = "-Onone";
			};
			name = Debug;
		};
		8934EE152E39756C001D4ECA /* Release */ = {
			isa = XCBuildConfiguration;
			buildSettings = {
				ALWAYS_SEARCH_USER_PATHS = NO;
				ASSETCATALOG_COMPILER_GENERATE_SWIFT_ASSET_SYMBOL_EXTENSIONS = YES;
				CLANG_ANALYZER_NONNULL = YES;
				CLANG_ANALYZER_NUMBER_OBJECT_CONVERSION = YES_AGGRESSIVE;
				CLANG_CXX_LANGUAGE_STANDARD = "gnu++20";
				CLANG_ENABLE_MODULES = YES;
				CLANG_ENABLE_OBJC_ARC = YES;
				CLANG_ENABLE_OBJC_WEAK = YES;
				CLANG_WARN_BLOCK_CAPTURE_AUTORELEASING = YES;
				CLANG_WARN_BOOL_CONVERSION = YES;
				CLANG_WARN_COMMA = YES;
				CLANG_WARN_CONSTANT_CONVERSION = YES;
				CLANG_WARN_DEPRECATED_OBJC_IMPLEMENTATIONS = YES;
				CLANG_WARN_DIRECT_OBJC_ISA_USAGE = YES_ERROR;
				CLANG_WARN_DOCUMENTATION_COMMENTS = YES;
				CLANG_WARN_EMPTY_BODY = YES;
				CLANG_WARN_ENUM_CONVERSION = YES;
				CLANG_WARN_INFINITE_RECURSION = YES;
				CLANG_WARN_INT_CONVERSION = YES;
				CLANG_WARN_NON_LITERAL_NULL_CONVERSION = YES;
				CLANG_WARN_OBJC_IMPLICIT_RETAIN_SELF = YES;
				CLANG_WARN_OBJC_LITERAL_CONVERSION = YES;
				CLANG_WARN_OBJC_ROOT_CLASS = YES_ERROR;
				CLANG_WARN_QUOTED_INCLUDE_IN_FRAMEWORK_HEADER = YES;
				CLANG_WARN_RANGE_LOOP_ANALYSIS = YES;
				CLANG_WARN_STRICT_PROTOTYPES = YES;
				CLANG_WARN_SUSPICIOUS_MOVE = YES;
				CLANG_WARN_UNGUARDED_AVAILABILITY = YES_AGGRESSIVE;
				CLANG_WARN_UNREACHABLE_CODE = YES;
				CLANG_WARN__DUPLICATE_METHOD_MATCH = YES;
				COPY_PHASE_STRIP = NO;
				DEBUG_INFORMATION_FORMAT = "dwarf-with-dsym";
				DEVELOPMENT_TEAM = P2LX28N73X;
				ENABLE_NS_ASSERTIONS = NO;
				ENABLE_STRICT_OBJC_MSGSEND = YES;
				ENABLE_USER_SCRIPT_SANDBOXING = YES;
				GCC_C_LANGUAGE_STANDARD = gnu17;
				GCC_NO_COMMON_BLOCKS = YES;
				GCC_WARN_64_TO_32_BIT_CONVERSION = YES;
				GCC_WARN_ABOUT_RETURN_TYPE = YES_ERROR;
				GCC_WARN_UNDECLARED_SELECTOR = YES;
				GCC_WARN_UNINITIALIZED_AUTOS = YES_AGGRESSIVE;
				GCC_WARN_UNUSED_FUNCTION = YES;
				GCC_WARN_UNUSED_VARIABLE = YES;
				IPHONEOS_DEPLOYMENT_TARGET = 18.5;
				LOCALIZATION_PREFERS_STRING_CATALOGS = YES;
				MTL_ENABLE_DEBUG_INFO = NO;
				MTL_FAST_MATH = YES;
				SDKROOT = iphoneos;
				SWIFT_COMPILATION_MODE = wholemodule;
				VALIDATE_PRODUCT = YES;
			};
			name = Release;
		};
/* End XCBuildConfiguration section */

/* Begin XCConfigurationList section */
		8934EDF92E397569001D4ECA /* Build configuration list for PBXProject "ForHomeWork" */ = {
			isa = XCConfigurationList;
			buildConfigurations = (
				8934EE142E39756C001D4ECA /* Debug */,
				8934EE152E39756C001D4ECA /* Release */,
			);
			defaultConfigurationIsVisible = 0;
			defaultConfigurationName = Release;
		};
		8934EE112E39756C001D4ECA /* Build configuration list for PBXNativeTarget "ForHomeWork" */ = {
			isa = XCConfigurationList;
			buildConfigurations = (
				8934EE122E39756C001D4ECA /* Debug */,
				8934EE132E39756C001D4ECA /* Release */,
			);
			defaultConfigurationIsVisible = 0;
			defaultConfigurationName = Release;
		};
/* End XCConfigurationList section */
	};
	rootObject = 8934EDF62E397569001D4ECA /* Project object */;
}
